// !$*UTF8*$!
{
	archiveVersion = 1;
	classes = {
	};
	objectVersion = 56;
	objects = {

/* Begin PBXBuildFile section */
		2F03067A291B0A7E00F3C62C /* main.swift in Sources */ = {isa = PBXBuildFile; fileRef = 2F030679291B0A7E00F3C62C /* main.swift */; };
		2F2D0CB729319FE0005FDD2F /* Dirhelper.swift in Sources */ = {isa = PBXBuildFile; fileRef = 2F2D0CB629319FE0005FDD2F /* Dirhelper.swift */; };
		2F2D0CB92931B341005FDD2F /* ArgsManager.swift in Sources */ = {isa = PBXBuildFile; fileRef = 2F2D0CB82931B341005FDD2F /* ArgsManager.swift */; };
		2F2D0CBB2931C2D7005FDD2F /* FilesManager.swift in Sources */ = {isa = PBXBuildFile; fileRef = 2F2D0CBA2931C2D7005FDD2F /* FilesManager.swift */; };
		2FA295C62A7460480002F584 /* KubeConfigList.swift in Sources */ = {isa = PBXBuildFile; fileRef = 2FA295C52A7460480002F584 /* KubeConfigList.swift */; };
/* End PBXBuildFile section */

/* Begin PBXContainerItemProxy section */
		2F0235892A531F9000A835C2 /* PBXContainerItemProxy */ = {
			isa = PBXContainerItemProxy;
			containerPortal = 2F03066E291B0A7E00F3C62C /* Project object */;
			proxyType = 1;
			remoteGlobalIDString = 2F0235722A531F8F00A835C2;
			remoteInfo = linux;
		};
		2F0235932A531F9000A835C2 /* PBXContainerItemProxy */ = {
			isa = PBXContainerItemProxy;
			containerPortal = 2F03066E291B0A7E00F3C62C /* Project object */;
			proxyType = 1;
			remoteGlobalIDString = 2F0235722A531F8F00A835C2;
			remoteInfo = linux;
		};
/* End PBXContainerItemProxy section */

/* Begin PBXCopyFilesBuildPhase section */
		2F030674291B0A7E00F3C62C /* CopyFiles */ = {
			isa = PBXCopyFilesBuildPhase;
			buildActionMask = 2147483647;
			dstPath = /usr/share/man/man1/;
			dstSubfolderSpec = 0;
			files = (
			);
			runOnlyForDeploymentPostprocessing = 1;
		};
/* End PBXCopyFilesBuildPhase section */

/* Begin PBXFileReference section */
		2F0235732A531F8F00A835C2 /* linux.app */ = {isa = PBXFileReference; explicitFileType = wrapper.application; includeInIndex = 0; path = linux.app; sourceTree = BUILT_PRODUCTS_DIR; };
		2F0235882A531F9000A835C2 /* linuxTests.xctest */ = {isa = PBXFileReference; explicitFileType = wrapper.cfbundle; includeInIndex = 0; path = linuxTests.xctest; sourceTree = BUILT_PRODUCTS_DIR; };
		2F0235922A531F9000A835C2 /* linuxUITests.xctest */ = {isa = PBXFileReference; explicitFileType = wrapper.cfbundle; includeInIndex = 0; path = linuxUITests.xctest; sourceTree = BUILT_PRODUCTS_DIR; };
		2F030676291B0A7E00F3C62C /* kubec-cmd */ = {isa = PBXFileReference; explicitFileType = "compiled.mach-o.executable"; includeInIndex = 0; path = "kubec-cmd"; sourceTree = BUILT_PRODUCTS_DIR; };
		2F030679291B0A7E00F3C62C /* main.swift */ = {isa = PBXFileReference; lastKnownFileType = sourcecode.swift; path = main.swift; sourceTree = "<group>"; };
		2F2D0CB629319FE0005FDD2F /* Dirhelper.swift */ = {isa = PBXFileReference; lastKnownFileType = sourcecode.swift; name = Dirhelper.swift; path = "kubec-cmd/Dirhelper.swift"; sourceTree = "<group>"; };
		2F2D0CB82931B341005FDD2F /* ArgsManager.swift */ = {isa = PBXFileReference; lastKnownFileType = sourcecode.swift; path = ArgsManager.swift; sourceTree = "<group>"; };
		2F2D0CBA2931C2D7005FDD2F /* FilesManager.swift */ = {isa = PBXFileReference; lastKnownFileType = sourcecode.swift; path = FilesManager.swift; sourceTree = "<group>"; };
		2FA295C52A7460480002F584 /* KubeConfigList.swift */ = {isa = PBXFileReference; lastKnownFileType = sourcecode.swift; path = KubeConfigList.swift; sourceTree = "<group>"; };
/* End PBXFileReference section */

/* Begin PBXFrameworksBuildPhase section */
		2F0235702A531F8F00A835C2 /* Frameworks */ = {
			isa = PBXFrameworksBuildPhase;
			buildActionMask = 2147483647;
			files = (
			);
			runOnlyForDeploymentPostprocessing = 0;
		};
		2F0235852A531F9000A835C2 /* Frameworks */ = {
			isa = PBXFrameworksBuildPhase;
			buildActionMask = 2147483647;
			files = (
			);
			runOnlyForDeploymentPostprocessing = 0;
		};
		2F02358F2A531F9000A835C2 /* Frameworks */ = {
			isa = PBXFrameworksBuildPhase;
			buildActionMask = 2147483647;
			files = (
			);
			runOnlyForDeploymentPostprocessing = 0;
		};
		2F030673291B0A7E00F3C62C /* Frameworks */ = {
			isa = PBXFrameworksBuildPhase;
			buildActionMask = 2147483647;
			files = (
			);
			runOnlyForDeploymentPostprocessing = 0;
		};
/* End PBXFrameworksBuildPhase section */

/* Begin PBXGroup section */
		2F03066D291B0A7E00F3C62C = {
			isa = PBXGroup;
			children = (
				2FA295C52A7460480002F584 /* KubeConfigList.swift */,
				2F2D0CB629319FE0005FDD2F /* Dirhelper.swift */,
				2F030678291B0A7E00F3C62C /* kubec-cmd */,
				2F030677291B0A7E00F3C62C /* Products */,
			);
			sourceTree = "<group>";
		};
		2F030677291B0A7E00F3C62C /* Products */ = {
			isa = PBXGroup;
			children = (
				2F030676291B0A7E00F3C62C /* kubec-cmd */,
				2F0235732A531F8F00A835C2 /* linux.app */,
				2F0235882A531F9000A835C2 /* linuxTests.xctest */,
				2F0235922A531F9000A835C2 /* linuxUITests.xctest */,
			);
			name = Products;
			sourceTree = "<group>";
		};
		2F030678291B0A7E00F3C62C /* kubec-cmd */ = {
			isa = PBXGroup;
			children = (
				2F030679291B0A7E00F3C62C /* main.swift */,
				2F2D0CB82931B341005FDD2F /* ArgsManager.swift */,
				2F2D0CBA2931C2D7005FDD2F /* FilesManager.swift */,
			);
			path = "kubec-cmd";
			sourceTree = "<group>";
		};
/* End PBXGroup section */

/* Begin PBXNativeTarget section */
		2F0235722A531F8F00A835C2 /* linux */ = {
			isa = PBXNativeTarget;
			buildConfigurationList = 2F02359A2A531F9000A835C2 /* Build configuration list for PBXNativeTarget "linux" */;
			buildPhases = (
				2F02356F2A531F8F00A835C2 /* Sources */,
				2F0235702A531F8F00A835C2 /* Frameworks */,
				2F0235712A531F8F00A835C2 /* Resources */,
			);
			buildRules = (
			);
			dependencies = (
			);
			name = linux;
			productName = linux;
			productReference = 2F0235732A531F8F00A835C2 /* linux.app */;
			productType = "com.apple.product-type.application";
		};
		2F0235872A531F9000A835C2 /* linuxTests */ = {
			isa = PBXNativeTarget;
			buildConfigurationList = 2F02359D2A531F9000A835C2 /* Build configuration list for PBXNativeTarget "linuxTests" */;
			buildPhases = (
				2F0235842A531F9000A835C2 /* Sources */,
				2F0235852A531F9000A835C2 /* Frameworks */,
				2F0235862A531F9000A835C2 /* Resources */,
			);
			buildRules = (
			);
			dependencies = (
				2F02358A2A531F9000A835C2 /* PBXTargetDependency */,
			);
			name = linuxTests;
			productName = linuxTests;
			productReference = 2F0235882A531F9000A835C2 /* linuxTests.xctest */;
			productType = "com.apple.product-type.bundle.unit-test";
		};
		2F0235912A531F9000A835C2 /* linuxUITests */ = {
			isa = PBXNativeTarget;
			buildConfigurationList = 2F0235A02A531F9000A835C2 /* Build configuration list for PBXNativeTarget "linuxUITests" */;
			buildPhases = (
				2F02358E2A531F9000A835C2 /* Sources */,
				2F02358F2A531F9000A835C2 /* Frameworks */,
				2F0235902A531F9000A835C2 /* Resources */,
			);
			buildRules = (
			);
			dependencies = (
				2F0235942A531F9000A835C2 /* PBXTargetDependency */,
			);
			name = linuxUITests;
			productName = linuxUITests;
			productReference = 2F0235922A531F9000A835C2 /* linuxUITests.xctest */;
			productType = "com.apple.product-type.bundle.ui-testing";
		};
		2F030675291B0A7E00F3C62C /* kubec-cmd */ = {
			isa = PBXNativeTarget;
			buildConfigurationList = 2F03067D291B0A7E00F3C62C /* Build configuration list for PBXNativeTarget "kubec-cmd" */;
			buildPhases = (
				2F030672291B0A7E00F3C62C /* Sources */,
				2F030673291B0A7E00F3C62C /* Frameworks */,
				2F030674291B0A7E00F3C62C /* CopyFiles */,
			);
			buildRules = (
			);
			dependencies = (
			);
			name = "kubec-cmd";
			productName = "kubec-cmd";
			productReference = 2F030676291B0A7E00F3C62C /* kubec-cmd */;
			productType = "com.apple.product-type.tool";
		};
/* End PBXNativeTarget section */

/* Begin PBXProject section */
		2F03066E291B0A7E00F3C62C /* Project object */ = {
			isa = PBXProject;
			attributes = {
				BuildIndependentTargetsInParallel = 1;
				LastSwiftUpdateCheck = 1430;
				LastUpgradeCheck = 1410;
				TargetAttributes = {
					2F0235722A531F8F00A835C2 = {
						CreatedOnToolsVersion = 14.3.1;
					};
					2F0235872A531F9000A835C2 = {
						CreatedOnToolsVersion = 14.3.1;
						TestTargetID = 2F0235722A531F8F00A835C2;
					};
					2F0235912A531F9000A835C2 = {
						CreatedOnToolsVersion = 14.3.1;
						TestTargetID = 2F0235722A531F8F00A835C2;
					};
					2F030675291B0A7E00F3C62C = {
						CreatedOnToolsVersion = 14.1;
					};
				};
			};
			buildConfigurationList = 2F030671291B0A7E00F3C62C /* Build configuration list for PBXProject "kubec-cmd" */;
			compatibilityVersion = "Xcode 14.0";
			developmentRegion = en;
			hasScannedForEncodings = 0;
			knownRegions = (
				en,
				Base,
			);
			mainGroup = 2F03066D291B0A7E00F3C62C;
			productRefGroup = 2F030677291B0A7E00F3C62C /* Products */;
			projectDirPath = "";
			projectRoot = "";
			targets = (
				2F030675291B0A7E00F3C62C /* kubec-cmd */,
				2F0235722A531F8F00A835C2 /* linux */,
				2F0235872A531F9000A835C2 /* linuxTests */,
				2F0235912A531F9000A835C2 /* linuxUITests */,
			);
		};
/* End PBXProject section */

/* Begin PBXResourcesBuildPhase section */
		2F0235712A531F8F00A835C2 /* Resources */ = {
			isa = PBXResourcesBuildPhase;
			buildActionMask = 2147483647;
			files = (
			);
			runOnlyForDeploymentPostprocessing = 0;
		};
		2F0235862A531F9000A835C2 /* Resources */ = {
			isa = PBXResourcesBuildPhase;
			buildActionMask = 2147483647;
			files = (
			);
			runOnlyForDeploymentPostprocessing = 0;
		};
		2F0235902A531F9000A835C2 /* Resources */ = {
			isa = PBXResourcesBuildPhase;
			buildActionMask = 2147483647;
			files = (
			);
			runOnlyForDeploymentPostprocessing = 0;
		};
/* End PBXResourcesBuildPhase section */

/* Begin PBXSourcesBuildPhase section */
		2F02356F2A531F8F00A835C2 /* Sources */ = {
			isa = PBXSourcesBuildPhase;
			buildActionMask = 2147483647;
			files = (
			);
			runOnlyForDeploymentPostprocessing = 0;
		};
		2F0235842A531F9000A835C2 /* Sources */ = {
			isa = PBXSourcesBuildPhase;
			buildActionMask = 2147483647;
			files = (
			);
			runOnlyForDeploymentPostprocessing = 0;
		};
		2F02358E2A531F9000A835C2 /* Sources */ = {
			isa = PBXSourcesBuildPhase;
			buildActionMask = 2147483647;
			files = (
			);
			runOnlyForDeploymentPostprocessing = 0;
		};
		2F030672291B0A7E00F3C62C /* Sources */ = {
			isa = PBXSourcesBuildPhase;
			buildActionMask = 2147483647;
			files = (
				2F2D0CB92931B341005FDD2F /* ArgsManager.swift in Sources */,
				2F03067A291B0A7E00F3C62C /* main.swift in Sources */,
				2FA295C62A7460480002F584 /* KubeConfigList.swift in Sources */,
				2F2D0CB729319FE0005FDD2F /* Dirhelper.swift in Sources */,
				2F2D0CBB2931C2D7005FDD2F /* FilesManager.swift in Sources */,
			);
			runOnlyForDeploymentPostprocessing = 0;
		};
/* End PBXSourcesBuildPhase section */

/* Begin PBXTargetDependency section */
		2F02358A2A531F9000A835C2 /* PBXTargetDependency */ = {
			isa = PBXTargetDependency;
			target = 2F0235722A531F8F00A835C2 /* linux */;
			targetProxy = 2F0235892A531F9000A835C2 /* PBXContainerItemProxy */;
		};
		2F0235942A531F9000A835C2 /* PBXTargetDependency */ = {
			isa = PBXTargetDependency;
			target = 2F0235722A531F8F00A835C2 /* linux */;
			targetProxy = 2F0235932A531F9000A835C2 /* PBXContainerItemProxy */;
		};
/* End PBXTargetDependency section */

/* Begin XCBuildConfiguration section */
		2F02359B2A531F9000A835C2 /* Debug */ = {
			isa = XCBuildConfiguration;
			buildSettings = {
				ASSETCATALOG_COMPILER_APPICON_NAME = AppIcon;
				ASSETCATALOG_COMPILER_GLOBAL_ACCENT_COLOR_NAME = AccentColor;
				CODE_SIGN_ENTITLEMENTS = linux/linux.entitlements;
				CODE_SIGN_STYLE = Automatic;
				CURRENT_PROJECT_VERSION = 1;
				DEVELOPMENT_ASSET_PATHS = "\"linux/Preview Content\"";
				DEVELOPMENT_TEAM = 3HC7295HS9;
				ENABLE_HARDENED_RUNTIME = YES;
				ENABLE_PREVIEWS = YES;
				GENERATE_INFOPLIST_FILE = YES;
				"INFOPLIST_KEY_UIApplicationSceneManifest_Generation[sdk=iphoneos*]" = YES;
				"INFOPLIST_KEY_UIApplicationSceneManifest_Generation[sdk=iphonesimulator*]" = YES;
				"INFOPLIST_KEY_UIApplicationSupportsIndirectInputEvents[sdk=iphoneos*]" = YES;
				"INFOPLIST_KEY_UIApplicationSupportsIndirectInputEvents[sdk=iphonesimulator*]" = YES;
				"INFOPLIST_KEY_UILaunchScreen_Generation[sdk=iphoneos*]" = YES;
				"INFOPLIST_KEY_UILaunchScreen_Generation[sdk=iphonesimulator*]" = YES;
				"INFOPLIST_KEY_UIStatusBarStyle[sdk=iphoneos*]" = UIStatusBarStyleDefault;
				"INFOPLIST_KEY_UIStatusBarStyle[sdk=iphonesimulator*]" = UIStatusBarStyleDefault;
				INFOPLIST_KEY_UISupportedInterfaceOrientations_iPad = "UIInterfaceOrientationPortrait UIInterfaceOrientationPortraitUpsideDown UIInterfaceOrientationLandscapeLeft UIInterfaceOrientationLandscapeRight";
				INFOPLIST_KEY_UISupportedInterfaceOrientations_iPhone = "UIInterfaceOrientationPortrait UIInterfaceOrientationLandscapeLeft UIInterfaceOrientationLandscapeRight";
				IPHONEOS_DEPLOYMENT_TARGET = 16.4;
				LD_RUNPATH_SEARCH_PATHS = "@executable_path/Frameworks";
				"LD_RUNPATH_SEARCH_PATHS[sdk=macosx*]" = "@executable_path/../Frameworks";
				MACOSX_DEPLOYMENT_TARGET = 13.3;
				MARKETING_VERSION = 1.0;
				PRODUCT_BUNDLE_IDENTIFIER = Wister.linux;
				PRODUCT_NAME = "$(TARGET_NAME)";
				SDKROOT = auto;
				SUPPORTED_PLATFORMS = "iphoneos iphonesimulator macosx";
				SWIFT_EMIT_LOC_STRINGS = YES;
				SWIFT_VERSION = 5.0;
				TARGETED_DEVICE_FAMILY = "1,2";
			};
			name = Debug;
		};
		2F02359C2A531F9000A835C2 /* Release */ = {
			isa = XCBuildConfiguration;
			buildSettings = {
				ASSETCATALOG_COMPILER_APPICON_NAME = AppIcon;
				ASSETCATALOG_COMPILER_GLOBAL_ACCENT_COLOR_NAME = AccentColor;
				CODE_SIGN_ENTITLEMENTS = linux/linux.entitlements;
				CODE_SIGN_STYLE = Automatic;
				CURRENT_PROJECT_VERSION = 1;
				DEVELOPMENT_ASSET_PATHS = "\"linux/Preview Content\"";
				DEVELOPMENT_TEAM = 3HC7295HS9;
				ENABLE_HARDENED_RUNTIME = YES;
				ENABLE_PREVIEWS = YES;
				GENERATE_INFOPLIST_FILE = YES;
				"INFOPLIST_KEY_UIApplicationSceneManifest_Generation[sdk=iphoneos*]" = YES;
				"INFOPLIST_KEY_UIApplicationSceneManifest_Generation[sdk=iphonesimulator*]" = YES;
				"INFOPLIST_KEY_UIApplicationSupportsIndirectInputEvents[sdk=iphoneos*]" = YES;
				"INFOPLIST_KEY_UIApplicationSupportsIndirectInputEvents[sdk=iphonesimulator*]" = YES;
				"INFOPLIST_KEY_UILaunchScreen_Generation[sdk=iphoneos*]" = YES;
				"INFOPLIST_KEY_UILaunchScreen_Generation[sdk=iphonesimulator*]" = YES;
				"INFOPLIST_KEY_UIStatusBarStyle[sdk=iphoneos*]" = UIStatusBarStyleDefault;
				"INFOPLIST_KEY_UIStatusBarStyle[sdk=iphonesimulator*]" = UIStatusBarStyleDefault;
				INFOPLIST_KEY_UISupportedInterfaceOrientations_iPad = "UIInterfaceOrientationPortrait UIInterfaceOrientationPortraitUpsideDown UIInterfaceOrientationLandscapeLeft UIInterfaceOrientationLandscapeRight";
				INFOPLIST_KEY_UISupportedInterfaceOrientations_iPhone = "UIInterfaceOrientationPortrait UIInterfaceOrientationLandscapeLeft UIInterfaceOrientationLandscapeRight";
				IPHONEOS_DEPLOYMENT_TARGET = 16.4;
				LD_RUNPATH_SEARCH_PATHS = "@executable_path/Frameworks";
				"LD_RUNPATH_SEARCH_PATHS[sdk=macosx*]" = "@executable_path/../Frameworks";
				MACOSX_DEPLOYMENT_TARGET = 13.3;
				MARKETING_VERSION = 1.0;
				PRODUCT_BUNDLE_IDENTIFIER = Wister.linux;
				PRODUCT_NAME = "$(TARGET_NAME)";
				SDKROOT = auto;
				SUPPORTED_PLATFORMS = "iphoneos iphonesimulator macosx";
				SWIFT_EMIT_LOC_STRINGS = YES;
				SWIFT_VERSION = 5.0;
				TARGETED_DEVICE_FAMILY = "1,2";
			};
			name = Release;
		};
		2F02359E2A531F9000A835C2 /* Debug */ = {
			isa = XCBuildConfiguration;
			buildSettings = {
				BUNDLE_LOADER = "$(TEST_HOST)";
				CODE_SIGN_STYLE = Automatic;
				CURRENT_PROJECT_VERSION = 1;
				DEVELOPMENT_TEAM = 3HC7295HS9;
				GENERATE_INFOPLIST_FILE = YES;
				IPHONEOS_DEPLOYMENT_TARGET = 16.4;
				MACOSX_DEPLOYMENT_TARGET = 13.3;
				MARKETING_VERSION = 1.0;
				PRODUCT_BUNDLE_IDENTIFIER = Wister.linuxTests;
				PRODUCT_NAME = "$(TARGET_NAME)";
				SDKROOT = auto;
				SUPPORTED_PLATFORMS = "iphoneos iphonesimulator macosx";
				SWIFT_EMIT_LOC_STRINGS = NO;
				SWIFT_VERSION = 5.0;
				TARGETED_DEVICE_FAMILY = "1,2";
				TEST_HOST = "$(BUILT_PRODUCTS_DIR)/linux.app/$(BUNDLE_EXECUTABLE_FOLDER_PATH)/linux";
			};
			name = Debug;
		};
		2F02359F2A531F9000A835C2 /* Release */ = {
			isa = XCBuildConfiguration;
			buildSettings = {
				BUNDLE_LOADER = "$(TEST_HOST)";
				CODE_SIGN_STYLE = Automatic;
				CURRENT_PROJECT_VERSION = 1;
				DEVELOPMENT_TEAM = 3HC7295HS9;
				GENERATE_INFOPLIST_FILE = YES;
				IPHONEOS_DEPLOYMENT_TARGET = 16.4;
				MACOSX_DEPLOYMENT_TARGET = 13.3;
				MARKETING_VERSION = 1.0;
				PRODUCT_BUNDLE_IDENTIFIER = Wister.linuxTests;
				PRODUCT_NAME = "$(TARGET_NAME)";
				SDKROOT = auto;
				SUPPORTED_PLATFORMS = "iphoneos iphonesimulator macosx";
				SWIFT_EMIT_LOC_STRINGS = NO;
				SWIFT_VERSION = 5.0;
				TARGETED_DEVICE_FAMILY = "1,2";
				TEST_HOST = "$(BUILT_PRODUCTS_DIR)/linux.app/$(BUNDLE_EXECUTABLE_FOLDER_PATH)/linux";
			};
			name = Release;
		};
		2F0235A12A531F9000A835C2 /* Debug */ = {
			isa = XCBuildConfiguration;
			buildSettings = {
				ALLOW_TARGET_PLATFORM_SPECIALIZATION = YES;
				CODE_SIGN_STYLE = Automatic;
				CURRENT_PROJECT_VERSION = 1;
				DEVELOPMENT_TEAM = 3HC7295HS9;
				GENERATE_INFOPLIST_FILE = YES;
				IPHONEOS_DEPLOYMENT_TARGET = 16.4;
				MACOSX_DEPLOYMENT_TARGET = 13.3;
				MARKETING_VERSION = 1.0;
				PRODUCT_BUNDLE_IDENTIFIER = Wister.linuxUITests;
				PRODUCT_NAME = "$(TARGET_NAME)";
				SDKROOT = auto;
				SUPPORTED_PLATFORMS = "watchsimulator watchos macosx iphonesimulator iphoneos driverkit appletvsimulator appletvos";
				SUPPORTS_MACCATALYST = YES;
				SWIFT_EMIT_LOC_STRINGS = NO;
				SWIFT_VERSION = 5.0;
				TARGETED_DEVICE_FAMILY = "1,2";
				TEST_TARGET_NAME = linux;
			};
			name = Debug;
		};
		2F0235A22A531F9000A835C2 /* Release */ = {
			isa = XCBuildConfiguration;
			buildSettings = {
				ALLOW_TARGET_PLATFORM_SPECIALIZATION = YES;
				CODE_SIGN_STYLE = Automatic;
				CURRENT_PROJECT_VERSION = 1;
				DEVELOPMENT_TEAM = 3HC7295HS9;
				GENERATE_INFOPLIST_FILE = YES;
				IPHONEOS_DEPLOYMENT_TARGET = 16.4;
				MACOSX_DEPLOYMENT_TARGET = 13.3;
				MARKETING_VERSION = 1.0;
				PRODUCT_BUNDLE_IDENTIFIER = Wister.linuxUITests;
				PRODUCT_NAME = "$(TARGET_NAME)";
				SDKROOT = auto;
				SUPPORTED_PLATFORMS = "watchsimulator watchos macosx iphonesimulator iphoneos driverkit appletvsimulator appletvos";
				SUPPORTS_MACCATALYST = YES;
				SWIFT_EMIT_LOC_STRINGS = NO;
				SWIFT_VERSION = 5.0;
				TARGETED_DEVICE_FAMILY = "1,2";
				TEST_TARGET_NAME = linux;
			};
			name = Release;
		};
		2F03067B291B0A7E00F3C62C /* Debug */ = {
			isa = XCBuildConfiguration;
			buildSettings = {
				ALWAYS_SEARCH_USER_PATHS = NO;
				CLANG_ANALYZER_NONNULL = YES;
				CLANG_ANALYZER_NUMBER_OBJECT_CONVERSION = YES_AGGRESSIVE;
				CLANG_CXX_LANGUAGE_STANDARD = "gnu++20";
				CLANG_ENABLE_MODULES = YES;
				CLANG_ENABLE_OBJC_ARC = YES;
				CLANG_ENABLE_OBJC_WEAK = YES;
				CLANG_WARN_BLOCK_CAPTURE_AUTORELEASING = YES;
				CLANG_WARN_BOOL_CONVERSION = YES;
				CLANG_WARN_COMMA = YES;
				CLANG_WARN_CONSTANT_CONVERSION = YES;
				CLANG_WARN_DEPRECATED_OBJC_IMPLEMENTATIONS = YES;
				CLANG_WARN_DIRECT_OBJC_ISA_USAGE = YES_ERROR;
				CLANG_WARN_DOCUMENTATION_COMMENTS = YES;
				CLANG_WARN_EMPTY_BODY = YES;
				CLANG_WARN_ENUM_CONVERSION = YES;
				CLANG_WARN_INFINITE_RECURSION = YES;
				CLANG_WARN_INT_CONVERSION = YES;
				CLANG_WARN_NON_LITERAL_NULL_CONVERSION = YES;
				CLANG_WARN_OBJC_IMPLICIT_RETAIN_SELF = YES;
				CLANG_WARN_OBJC_LITERAL_CONVERSION = YES;
				CLANG_WARN_OBJC_ROOT_CLASS = YES_ERROR;
				CLANG_WARN_QUOTED_INCLUDE_IN_FRAMEWORK_HEADER = YES;
				CLANG_WARN_RANGE_LOOP_ANALYSIS = YES;
				CLANG_WARN_STRICT_PROTOTYPES = YES;
				CLANG_WARN_SUSPICIOUS_MOVE = YES;
				CLANG_WARN_UNGUARDED_AVAILABILITY = YES_AGGRESSIVE;
				CLANG_WARN_UNREACHABLE_CODE = YES;
				CLANG_WARN__DUPLICATE_METHOD_MATCH = YES;
				COPY_PHASE_STRIP = NO;
				DEBUG_INFORMATION_FORMAT = dwarf;
				ENABLE_STRICT_OBJC_MSGSEND = YES;
				ENABLE_TESTABILITY = YES;
				GCC_C_LANGUAGE_STANDARD = gnu11;
				GCC_DYNAMIC_NO_PIC = NO;
				GCC_NO_COMMON_BLOCKS = YES;
				GCC_OPTIMIZATION_LEVEL = 0;
				GCC_PREPROCESSOR_DEFINITIONS = (
					"DEBUG=1",
					"$(inherited)",
				);
				GCC_WARN_64_TO_32_BIT_CONVERSION = YES;
				GCC_WARN_ABOUT_RETURN_TYPE = YES_ERROR;
				GCC_WARN_UNDECLARED_SELECTOR = YES;
				GCC_WARN_UNINITIALIZED_AUTOS = YES_AGGRESSIVE;
				GCC_WARN_UNUSED_FUNCTION = YES;
				GCC_WARN_UNUSED_VARIABLE = YES;
				MACOSX_DEPLOYMENT_TARGET = 13.0;
				MTL_ENABLE_DEBUG_INFO = INCLUDE_SOURCE;
				MTL_FAST_MATH = YES;
				NEW_SETTING = "";
				ONLY_ACTIVE_ARCH = YES;
				SDKROOT = macosx;
				SWIFT_ACTIVE_COMPILATION_CONDITIONS = DEBUG;
				SWIFT_OPTIMIZATION_LEVEL = "-Onone";
			};
			name = Debug;
		};
		2F03067C291B0A7E00F3C62C /* Release */ = {
			isa = XCBuildConfiguration;
			buildSettings = {
				ALWAYS_SEARCH_USER_PATHS = NO;
				CLANG_ANALYZER_NONNULL = YES;
				CLANG_ANALYZER_NUMBER_OBJECT_CONVERSION = YES_AGGRESSIVE;
				CLANG_CXX_LANGUAGE_STANDARD = "gnu++20";
				CLANG_ENABLE_MODULES = YES;
				CLANG_ENABLE_OBJC_ARC = YES;
				CLANG_ENABLE_OBJC_WEAK = YES;
				CLANG_WARN_BLOCK_CAPTURE_AUTORELEASING = YES;
				CLANG_WARN_BOOL_CONVERSION = YES;
				CLANG_WARN_COMMA = YES;
				CLANG_WARN_CONSTANT_CONVERSION = YES;
				CLANG_WARN_DEPRECATED_OBJC_IMPLEMENTATIONS = YES;
				CLANG_WARN_DIRECT_OBJC_ISA_USAGE = YES_ERROR;
				CLANG_WARN_DOCUMENTATION_COMMENTS = YES;
				CLANG_WARN_EMPTY_BODY = YES;
				CLANG_WARN_ENUM_CONVERSION = YES;
				CLANG_WARN_INFINITE_RECURSION = YES;
				CLANG_WARN_INT_CONVERSION = YES;
				CLANG_WARN_NON_LITERAL_NULL_CONVERSION = YES;
				CLANG_WARN_OBJC_IMPLICIT_RETAIN_SELF = YES;
				CLANG_WARN_OBJC_LITERAL_CONVERSION = YES;
				CLANG_WARN_OBJC_ROOT_CLASS = YES_ERROR;
				CLANG_WARN_QUOTED_INCLUDE_IN_FRAMEWORK_HEADER = YES;
				CLANG_WARN_RANGE_LOOP_ANALYSIS = YES;
				CLANG_WARN_STRICT_PROTOTYPES = YES;
				CLANG_WARN_SUSPICIOUS_MOVE = YES;
				CLANG_WARN_UNGUARDED_AVAILABILITY = YES_AGGRESSIVE;
				CLANG_WARN_UNREACHABLE_CODE = YES;
				CLANG_WARN__DUPLICATE_METHOD_MATCH = YES;
				COPY_PHASE_STRIP = NO;
				DEBUG_INFORMATION_FORMAT = "dwarf-with-dsym";
				ENABLE_NS_ASSERTIONS = NO;
				ENABLE_STRICT_OBJC_MSGSEND = YES;
				GCC_C_LANGUAGE_STANDARD = gnu11;
				GCC_NO_COMMON_BLOCKS = YES;
				GCC_WARN_64_TO_32_BIT_CONVERSION = YES;
				GCC_WARN_ABOUT_RETURN_TYPE = YES_ERROR;
				GCC_WARN_UNDECLARED_SELECTOR = YES;
				GCC_WARN_UNINITIALIZED_AUTOS = YES_AGGRESSIVE;
				GCC_WARN_UNUSED_FUNCTION = YES;
				GCC_WARN_UNUSED_VARIABLE = YES;
				MACOSX_DEPLOYMENT_TARGET = 13.0;
				MTL_ENABLE_DEBUG_INFO = NO;
				MTL_FAST_MATH = YES;
				NEW_SETTING = "";
				SDKROOT = macosx;
				SWIFT_COMPILATION_MODE = wholemodule;
				SWIFT_OPTIMIZATION_LEVEL = "-O";
			};
			name = Release;
		};
		2F03067E291B0A7E00F3C62C /* Debug */ = {
			isa = XCBuildConfiguration;
			buildSettings = {
				CODE_SIGN_STYLE = Automatic;
				DEVELOPMENT_TEAM = 3HC7295HS9;
				ENABLE_HARDENED_RUNTIME = YES;
				PRODUCT_NAME = "$(TARGET_NAME)";
				SWIFT_VERSION = 5.0;
			};
			name = Debug;
		};
		2F03067F291B0A7E00F3C62C /* Release */ = {
			isa = XCBuildConfiguration;
			buildSettings = {
				CODE_SIGN_STYLE = Automatic;
				DEVELOPMENT_TEAM = 3HC7295HS9;
				ENABLE_HARDENED_RUNTIME = YES;
				PRODUCT_NAME = "$(TARGET_NAME)";
				SWIFT_VERSION = 5.0;
			};
			name = Release;
		};
/* End XCBuildConfiguration section */

/* Begin XCConfigurationList section */
		2F02359A2A531F9000A835C2 /* Build configuration list for PBXNativeTarget "linux" */ = {
			isa = XCConfigurationList;
			buildConfigurations = (
				2F02359B2A531F9000A835C2 /* Debug */,
				2F02359C2A531F9000A835C2 /* Release */,
			);
			defaultConfigurationIsVisible = 0;
			defaultConfigurationName = Release;
		};
		2F02359D2A531F9000A835C2 /* Build configuration list for PBXNativeTarget "linuxTests" */ = {
			isa = XCConfigurationList;
			buildConfigurations = (
				2F02359E2A531F9000A835C2 /* Debug */,
				2F02359F2A531F9000A835C2 /* Release */,
			);
			defaultConfigurationIsVisible = 0;
			defaultConfigurationName = Release;
		};
		2F0235A02A531F9000A835C2 /* Build configuration list for PBXNativeTarget "linuxUITests" */ = {
			isa = XCConfigurationList;
			buildConfigurations = (
				2F0235A12A531F9000A835C2 /* Debug */,
				2F0235A22A531F9000A835C2 /* Release */,
			);
			defaultConfigurationIsVisible = 0;
			defaultConfigurationName = Release;
		};
		2F030671291B0A7E00F3C62C /* Build configuration list for PBXProject "kubec-cmd" */ = {
			isa = XCConfigurationList;
			buildConfigurations = (
				2F03067B291B0A7E00F3C62C /* Debug */,
				2F03067C291B0A7E00F3C62C /* Release */,
			);
			defaultConfigurationIsVisible = 0;
			defaultConfigurationName = Release;
		};
		2F03067D291B0A7E00F3C62C /* Build configuration list for PBXNativeTarget "kubec-cmd" */ = {
			isa = XCConfigurationList;
			buildConfigurations = (
				2F03067E291B0A7E00F3C62C /* Debug */,
				2F03067F291B0A7E00F3C62C /* Release */,
			);
			defaultConfigurationIsVisible = 0;
			defaultConfigurationName = Release;
		};
/* End XCConfigurationList section */
	};
	rootObject = 2F03066E291B0A7E00F3C62C /* Project object */;
}
